
Microsoft Visual Studio Solution File, Format Version 12.00
# Visual Studio Version 17
VisualStudioVersion = 17.3.32929.385
MinimumVisualStudioVersion = 10.0.40219.1
Project("{FAE04EC0-301F-11D3-BF4B-00C04F79EFBC}") = "XmlToJSON", "XmlToJSON\XmlToJSON.csproj", "{02BEC3C7-4D95-414F-B090-FDBA544E9EDA}"
EndProject
Global
	GlobalSection(SolutionConfigurationPlatforms) = preSolution
		Debug|Any CPU = Debug|Any CPU
		Release|Any CPU = Release|Any CPU
	EndGlobalSection
	GlobalSection(ProjectConfigurationPlatforms) = postSolution
		{02BEC3C7-4D95-414F-B090-FDBA544E9EDA}.Debug|Any CPU.ActiveCfg = Debug|Any CPU
		{02BEC3C7-4D95-414F-B090-FDBA544E9EDA}.Debug|Any CPU.Build.0 = Debug|Any CPU
		{02BEC3C7-4D95-414F-B090-FDBA544E9EDA}.Release|Any CPU.ActiveCfg = Release|Any CPU
		{02BEC3C7-4D95-414F-B090-FDBA544E9EDA}.Release|Any CPU.Build.0 = Release|Any CPU
	EndGlobalSection
	GlobalSection(SolutionProperties) = preSolution
		HideSolutionNode = FALSE
	EndGlobalSection
	GlobalSection(ExtensibilityGlobals) = postSolution
		SolutionGuid = {CE5D84DA-F5C3-4DC2-A2B9-CA893827CDCE}
	EndGlobalSection
EndGlobal
